
Microsoft Visual Studio Solution File, Format Version 12.00
# Visual Studio Version 17
VisualStudioVersion = 17.5.33516.290
MinimumVisualStudioVersion = 10.0.40219.1
Project("{FAE04EC0-301F-11D3-BF4B-00C04F79EFBC}") = "MatchGame", "MatchGame.csproj", "{99575D11-85B9-4DEA-9EFB-D3065A9C0D63}"
EndProject
Global
	GlobalSection(SolutionConfigurationPlatforms) = preSolution
		Debug|Any CPU = Debug|Any CPU
		Release|Any CPU = Release|Any CPU
	EndGlobalSection
	GlobalSection(ProjectConfigurationPlatforms) = postSolution
		{99575D11-85B9-4DEA-9EFB-D3065A9C0D63}.Debug|Any CPU.ActiveCfg = Debug|Any CPU
		{99575D11-85B9-4DEA-9EFB-D3065A9C0D63}.Debug|Any CPU.Build.0 = Debug|Any CPU
		{99575D11-85B9-4DEA-9EFB-D3065A9C0D63}.Release|Any CPU.ActiveCfg = Release|Any CPU
		{99575D11-85B9-4DEA-9EFB-D3065A9C0D63}.Release|Any CPU.Build.0 = Release|Any CPU
	EndGlobalSection
	GlobalSection(SolutionProperties) = preSolution
		HideSolutionNode = FALSE
	EndGlobalSection
	GlobalSection(ExtensibilityGlobals) = postSolution
		SolutionGuid = {C1114E7D-B29A-4F45-8EE0-B6D9303B941B}
	EndGlobalSection
EndGlobal
